
Microsoft Visual Studio Solution File, Format Version 12.00
# Visual Studio Version 17
VisualStudioVersion = 17.3.32825.248
MinimumVisualStudioVersion = 10.0.40219.1
Project("{9A19103F-16F7-4668-BE54-9A1E7A4F7556}") = "BDMS", "src\api\BDMS.csproj", "{539FBB46-14A6-4DC0-9236-00F8C0F4778F}"
EndProject
Project("{2150E333-8FDC-42A3-9474-1A3956D46DE8}") = "Solution Items", "Solution Items", "{3A22DE3B-5FFB-4D89-BBD5-1BB12CA07A36}"
	ProjectSection(SolutionItems) = preProject
		.editorconfig = .editorconfig
		CHANGELOG.md = CHANGELOG.md
		README.app.md = README.app.md
	EndProjectSection
EndProject
Project("{9A19103F-16F7-4668-BE54-9A1E7A4F7556}") = "BDMS.Test", "tests\api\BDMS.Test.csproj", "{4981EB19-F2EE-4F45-A6DD-ED21B61CB3C6}"
EndProject
Project("{54A90642-561A-4BB1-A94E-469ADEE60C69}") = "BDMS.Client", "src\client\BDMS.Client.esproj", "{7B75DD13-A7EF-4BDA-8AE7-33B240A9CBF0}"
EndProject
Project("{E53339B2-1760-4266-BCC7-CA923CBCF16C}") = "docker-compose", "docker-compose.dcproj", "{2B4BC48D-B932-4CB4-B9D6-1336A9F64D79}"
EndProject
Project("{9A19103F-16F7-4668-BE54-9A1E7A4F7556}") = "BDMS.ExternSync", "src\extern-sync\BDMS.ExternSync.csproj", "{951E6B71-6561-4FA7-9709-5D7F4E1D0DCA}"
EndProject
Project("{9A19103F-16F7-4668-BE54-9A1E7A4F7556}") = "BDMS.ExternSync.Test", "tests\extern-sync\BDMS.ExternSync.Test.csproj", "{7874F0AF-6311-4A8A-897A-C4DD82A97E6F}"
EndProject
Global
	GlobalSection(SolutionConfigurationPlatforms) = preSolution
		Debug|Any CPU = Debug|Any CPU
		Release|Any CPU = Release|Any CPU
	EndGlobalSection
	GlobalSection(ProjectConfigurationPlatforms) = postSolution
		{539FBB46-14A6-4DC0-9236-00F8C0F4778F}.Debug|Any CPU.ActiveCfg = Debug|Any CPU
		{539FBB46-14A6-4DC0-9236-00F8C0F4778F}.Debug|Any CPU.Build.0 = Debug|Any CPU
		{539FBB46-14A6-4DC0-9236-00F8C0F4778F}.Release|Any CPU.ActiveCfg = Release|Any CPU
		{539FBB46-14A6-4DC0-9236-00F8C0F4778F}.Release|Any CPU.Build.0 = Release|Any CPU
		{4981EB19-F2EE-4F45-A6DD-ED21B61CB3C6}.Debug|Any CPU.ActiveCfg = Debug|Any CPU
		{4981EB19-F2EE-4F45-A6DD-ED21B61CB3C6}.Debug|Any CPU.Build.0 = Debug|Any CPU
		{4981EB19-F2EE-4F45-A6DD-ED21B61CB3C6}.Release|Any CPU.ActiveCfg = Release|Any CPU
		{4981EB19-F2EE-4F45-A6DD-ED21B61CB3C6}.Release|Any CPU.Build.0 = Release|Any CPU
		{7B75DD13-A7EF-4BDA-8AE7-33B240A9CBF0}.Debug|Any CPU.ActiveCfg = Debug|Any CPU
		{7B75DD13-A7EF-4BDA-8AE7-33B240A9CBF0}.Debug|Any CPU.Build.0 = Debug|Any CPU
		{7B75DD13-A7EF-4BDA-8AE7-33B240A9CBF0}.Debug|Any CPU.Deploy.0 = Debug|Any CPU
		{7B75DD13-A7EF-4BDA-8AE7-33B240A9CBF0}.Release|Any CPU.ActiveCfg = Release|Any CPU
		{7B75DD13-A7EF-4BDA-8AE7-33B240A9CBF0}.Release|Any CPU.Build.0 = Release|Any CPU
		{7B75DD13-A7EF-4BDA-8AE7-33B240A9CBF0}.Release|Any CPU.Deploy.0 = Release|Any CPU
		{2B4BC48D-B932-4CB4-B9D6-1336A9F64D79}.Debug|Any CPU.ActiveCfg = Debug|Any CPU
		{2B4BC48D-B932-4CB4-B9D6-1336A9F64D79}.Debug|Any CPU.Build.0 = Debug|Any CPU
		{2B4BC48D-B932-4CB4-B9D6-1336A9F64D79}.Release|Any CPU.ActiveCfg = Release|Any CPU
		{2B4BC48D-B932-4CB4-B9D6-1336A9F64D79}.Release|Any CPU.Build.0 = Release|Any CPU
		{951E6B71-6561-4FA7-9709-5D7F4E1D0DCA}.Debug|Any CPU.ActiveCfg = Debug|Any CPU
		{951E6B71-6561-4FA7-9709-5D7F4E1D0DCA}.Debug|Any CPU.Build.0 = Debug|Any CPU
		{951E6B71-6561-4FA7-9709-5D7F4E1D0DCA}.Release|Any CPU.ActiveCfg = Release|Any CPU
		{951E6B71-6561-4FA7-9709-5D7F4E1D0DCA}.Release|Any CPU.Build.0 = Release|Any CPU
		{7874F0AF-6311-4A8A-897A-C4DD82A97E6F}.Debug|Any CPU.ActiveCfg = Debug|Any CPU
		{7874F0AF-6311-4A8A-897A-C4DD82A97E6F}.Debug|Any CPU.Build.0 = Debug|Any CPU
		{7874F0AF-6311-4A8A-897A-C4DD82A97E6F}.Release|Any CPU.ActiveCfg = Release|Any CPU
		{7874F0AF-6311-4A8A-897A-C4DD82A97E6F}.Release|Any CPU.Build.0 = Release|Any CPU
	EndGlobalSection
	GlobalSection(SolutionProperties) = preSolution
		HideSolutionNode = FALSE
	EndGlobalSection
	GlobalSection(ExtensibilityGlobals) = postSolution
		SolutionGuid = {15484E86-3692-4F73-A2A5-EF02EAC0367A}
	EndGlobalSection
EndGlobal
